
Microsoft Visual Studio Solution File, Format Version 12.00
# Visual Studio Version 16
VisualStudioVersion = 16.0.30717.126
MinimumVisualStudioVersion = 10.0.40219.1
Project("{FAE04EC0-301F-11D3-BF4B-00C04F79EFBC}") = "SPA", "SPA.csproj", "{7547A2A5-73FF-44F4-9F39-73452378C3DC}"
EndProject
Global
	GlobalSection(SolutionConfigurationPlatforms) = preSolution
		Debug|Any CPU = Debug|Any CPU
		Release|Any CPU = Release|Any CPU
	EndGlobalSection
	GlobalSection(ProjectConfigurationPlatforms) = postSolution
		{7547A2A5-73FF-44F4-9F39-73452378C3DC}.Debug|Any CPU.ActiveCfg = Debug|Any CPU
		{7547A2A5-73FF-44F4-9F39-73452378C3DC}.Debug|Any CPU.Build.0 = Debug|Any CPU
		{7547A2A5-73FF-44F4-9F39-73452378C3DC}.Release|Any CPU.ActiveCfg = Release|Any CPU
		{7547A2A5-73FF-44F4-9F39-73452378C3DC}.Release|Any CPU.Build.0 = Release|Any CPU
	EndGlobalSection
	GlobalSection(SolutionProperties) = preSolution
		HideSolutionNode = FALSE
	EndGlobalSection
	GlobalSection(ExtensibilityGlobals) = postSolution
		SolutionGuid = {5389D46C-F1BC-4C3B-8579-E2F562A9A3A1}
	EndGlobalSection
EndGlobal
